
Microsoft Visual Studio Solution File, Format Version 12.00
# Visual Studio Version 17
VisualStudioVersion = 17.4.33213.308
MinimumVisualStudioVersion = 10.0.40219.1
Project("{FAE04EC0-301F-11D3-BF4B-00C04F79EFBC}") = "FinanceSheetUpdater", "FinanceSheetUpdater.csproj", "{EBD2F32D-8EA7-4818-884B-89105C4E3BA3}"
EndProject
Global
	GlobalSection(SolutionConfigurationPlatforms) = preSolution
		Debug|Any CPU = Debug|Any CPU
		Release|Any CPU = Release|Any CPU
	EndGlobalSection
	GlobalSection(ProjectConfigurationPlatforms) = postSolution
		{EBD2F32D-8EA7-4818-884B-89105C4E3BA3}.Debug|Any CPU.ActiveCfg = Debug|Any CPU
		{EBD2F32D-8EA7-4818-884B-89105C4E3BA3}.Debug|Any CPU.Build.0 = Debug|Any CPU
		{EBD2F32D-8EA7-4818-884B-89105C4E3BA3}.Release|Any CPU.ActiveCfg = Release|Any CPU
		{EBD2F32D-8EA7-4818-884B-89105C4E3BA3}.Release|Any CPU.Build.0 = Release|Any CPU
	EndGlobalSection
	GlobalSection(SolutionProperties) = preSolution
		HideSolutionNode = FALSE
	EndGlobalSection
	GlobalSection(ExtensibilityGlobals) = postSolution
		SolutionGuid = {8C186680-EFA8-48A6-9918-DC914F2A1943}
	EndGlobalSection
EndGlobal
